version = 1
revision = 3
requires-python = "==3.12.*"

[[package]]
name = "altgraph"
version = "0.17.5"
source = { registry = "https://pypi.tuna.tsinghua.edu.cn/simple" }
sdist = { url = "https://pypi.tuna.tsinghua.edu.cn/packages/7e/f8/97fdf103f38fed6792a1601dbc16cc8aac56e7459a9fff08c812d8ae177a/altgraph-0.17.5.tar.gz", hash = "sha256:c87b395dd12fabde9c99573a9749d67da8d29ef9de0125c7f536699b4a9bc9e7", size = 48428, upload-time = "2025-11-21T20:35:50.583Z" }
wheels = [
    { url = "https://pypi.tuna.tsinghua.edu.cn/packages/a9/ba/000a1996d4308bc65120167c21241a3b205464a2e0b58deda26ae8ac21d1/altgraph-0.17.5-py2.py3-none-any.whl", hash = "sha256:f3a22400bce1b0c701683820ac4f3b159cd301acab067c51c653e06961600597", size = 21228, upload-time = "2025-11-21T20:35:49.444Z" },
]

[[package]]
name = "anyio"
version = "4.13.0"
source = { registry = "https://pypi.tuna.tsinghua.edu.cn/simple" }
dependencies = [
    { name = "idna" },
    { name = "typing-extensions" },
]
sdist = { url = "https://pypi.tuna.tsinghua.edu.cn/packages/19/14/2c5dd9f512b66549ae92767a9c7b330ae88e1932ca57876909410251fe13/anyio-4.13.0.tar.gz", hash = "sha256:334b70e641fd2221c1505b3890c69882fe4a2df910cba14d97019b90b24439dc", size = 231622, upload-time = "2026-03-24T12:59:09.671Z" }
wheels = [
    { url = "https://pypi.tuna.tsinghua.edu.cn/packages/da/42/e921fccf5015463e32a3cf6ee7f980a6ed0f395ceeaa45060b61d86486c2/anyio-4.13.0-py3-none-any.whl", hash = "sha256:08b310f9e24a9594186fd75b4f73f4a4152069e3853f1ed8bfbf58369f4ad708", size = 114353, upload-time = "2026-03-24T12:59:08.246Z" },
]

[[package]]
name = "certifi"
version = "2026.2.25"
source = { registry = "https://pypi.tuna.tsinghua.edu.cn/simple" }
sdist = { url = "https://pypi.tuna.tsinghua.edu.cn/packages/af/2d/7bf41579a8986e348fa033a31cdd0e4121114f6bce2457e8876010b092dd/certifi-2026.2.25.tar.gz", hash = "sha256:e887ab5cee78ea814d3472169153c2d12cd43b14bd03329a39a9c6e2e80bfba7", size = 155029, upload-time = "2026-02-25T02:54:17.342Z" }
wheels = [
    { url = "https://pypi.tuna.tsinghua.edu.cn/packages/9a/3c/c17fb3ca2d9c3acff52e30b309f538586f9f5b9c9cf454f3845fc9af4881/certifi-2026.2.25-py3-none-any.whl", hash = "sha256:027692e4402ad994f1c42e52a4997a9763c646b73e4096e4d5d6db8af1d6f0fa", size = 153684, upload-time = "2026-02-25T02:54:15.766Z" },
]

[[package]]
name = "h11"
version = "0.16.0"
source = { registry = "https://pypi.tuna.tsinghua.edu.cn/simple" }
sdist = { url = "https://pypi.tuna.tsinghua.edu.cn/packages/01/ee/02a2c011bdab74c6fb3c75474d40b3052059d95df7e73351460c8588d963/h11-0.16.0.tar.gz", hash = "sha256:4e35b956cf45792e4caa5885e69fba00bdbc6ffafbfa020300e549b208ee5ff1", size = 101250, upload-time = "2025-04-24T03:35:25.427Z" }
wheels = [
    { url = "https://pypi.tuna.tsinghua.edu.cn/packages/04/4b/29cac41a4d98d144bf5f6d33995617b185d14b22401f75ca86f384e87ff1/h11-0.16.0-py3-none-any.whl", hash = "sha256:63cf8bbe7522de3bf65932fda1d9c2772064ffb3dae62d55932da54b31cb6c86", size = 37515, upload-time = "2025-04-24T03:35:24.344Z" },
]

[[package]]
name = "httpcore"
version = "1.0.9"
source = { registry = "https://pypi.tuna.tsinghua.edu.cn/simple" }
dependencies = [
    { name = "certifi" },
    { name = "h11" },
]
sdist = { url = "https://pypi.tuna.tsinghua.edu.cn/packages/06/94/82699a10bca87a5556c9c59b5963f2d039dbd239f25bc2a63907a05a14cb/httpcore-1.0.9.tar.gz", hash = "sha256:6e34463af53fd2ab5d807f399a9b45ea31c3dfa2276f15a2c3f00afff6e176e8", size = 85484, upload-time = "2025-04-24T22:06:22.219Z" }
wheels = [
    { url = "https://pypi.tuna.tsinghua.edu.cn/packages/7e/f5/f66802a942d491edb555dd61e3a9961140fd64c90bce1eafd741609d334d/httpcore-1.0.9-py3-none-any.whl", hash = "sha256:2d400746a40668fc9dec9810239072b40b4484b640a8c38fd654a024c7a1bf55", size = 78784, upload-time = "2025-04-24T22:06:20.566Z" },
]

[[package]]
name = "httpx"
version = "0.28.1"
source = { registry = "https://pypi.tuna.tsinghua.edu.cn/simple" }
dependencies = [
    { name = "anyio" },
    { name = "certifi" },
    { name = "httpcore" },
    { name = "idna" },
]
sdist = { url = "https://pypi.tuna.tsinghua.edu.cn/packages/b1/df/48c586a5fe32a0f01324ee087459e112ebb7224f646c0b5023f5e79e9956/httpx-0.28.1.tar.gz", hash = "sha256:75e98c5f16b0f35b567856f597f06ff2270a374470a5c2392242528e3e3e42fc", size = 141406, upload-time = "2024-12-06T15:37:23.222Z" }
wheels = [
    { url = "https://pypi.tuna.tsinghua.edu.cn/packages/2a/39/e50c7c3a983047577ee07d2a9e53faf5a69493943ec3f6a384bdc792deb2/httpx-0.28.1-py3-none-any.whl", hash = "sha256:d909fcccc110f8c7faf814ca82a9a4d816bc5a6dbfea25d6591d6985b8ba59ad", size = 73517, upload-time = "2024-12-06T15:37:21.509Z" },
]

[[package]]
name = "idna"
version = "3.11"
source = { registry = "https://pypi.tuna.tsinghua.edu.cn/simple" }
sdist = { url = "https://pypi.tuna.tsinghua.edu.cn/packages/6f/6d/0703ccc57f3a7233505399edb88de3cbd678da106337b9fcde432b65ed60/idna-3.11.tar.gz", hash = "sha256:795dafcc9c04ed0c1fb032c2aa73654d8e8c5023a7df64a53f39190ada629902", size = 194582, upload-time = "2025-10-12T14:55:20.501Z" }
wheels = [
    { url = "https://pypi.tuna.tsinghua.edu.cn/packages/0e/61/66938bbb5fc52dbdf84594873d5b51fb1f7c7794e9c0f5bd885f30bc507b/idna-3.11-py3-none-any.whl", hash = "sha256:771a87f49d9defaf64091e6e6fe9c18d4833f140bd19464795bc32d966ca37ea", size = 71008, upload-time = "2025-10-12T14:55:18.883Z" },
]

[[package]]
name = "macholib"
version = "1.16.4"
source = { registry = "https://pypi.tuna.tsinghua.edu.cn/simple" }
dependencies = [
    { name = "altgraph" },
]
sdist = { url = "https://pypi.tuna.tsinghua.edu.cn/packages/10/2f/97589876ea967487978071c9042518d28b958d87b17dceb7cdc1d881f963/macholib-1.16.4.tar.gz", hash = "sha256:f408c93ab2e995cd2c46e34fe328b130404be143469e41bc366c807448979362", size = 59427, upload-time = "2025-11-22T08:28:38.373Z" }
wheels = [
    { url = "https://pypi.tuna.tsinghua.edu.cn/packages/c7/d1/a9f36f8ecdf0fb7c9b1e78c8d7af12b8c8754e74851ac7b94a8305540fc7/macholib-1.16.4-py2.py3-none-any.whl", hash = "sha256:da1a3fa8266e30f0ce7e97c6a54eefaae8edd1e5f86f3eb8b95457cae90265ea", size = 38117, upload-time = "2025-11-22T08:28:36.939Z" },
]

[[package]]
name = "one-click-deployment-of-openclaw"
version = "0.1.0"
source = { virtual = "." }
dependencies = [
    { name = "httpx" },
    { name = "psutil" },
    { name = "pyinstaller" },
    { name = "pyside6" },
]

[package.metadata]
requires-dist = [
    { name = "httpx", specifier = ">=0.28.1" },
    { name = "psutil", specifier = ">=7.2.2" },
    { name = "pyinstaller", specifier = ">=6.11.0,<6.12.0" },
    { name = "pyside6", specifier = ">=6.8.0,<6.9.0" },
]

[[package]]
name = "packaging"
version = "26.0"
source = { registry = "https://pypi.tuna.tsinghua.edu.cn/simple" }
sdist = { url = "https://pypi.tuna.tsinghua.edu.cn/packages/65/ee/299d360cdc32edc7d2cf530f3accf79c4fca01e96ffc950d8a52213bd8e4/packaging-26.0.tar.gz", hash = "sha256:00243ae351a257117b6a241061796684b084ed1c516a08c48a3f7e147a9d80b4", size = 143416, upload-time = "2026-01-21T20:50:39.064Z" }
wheels = [
    { url = "https://pypi.tuna.tsinghua.edu.cn/packages/b7/b9/c538f279a4e237a006a2c98387d081e9eb060d203d8ed34467cc0f0b9b53/packaging-26.0-py3-none-any.whl", hash = "sha256:b36f1fef9334a5588b4166f8bcd26a14e521f2b55e6b9de3aaa80d3ff7a37529", size = 74366, upload-time = "2026-01-21T20:50:37.788Z" },
]

[[package]]
name = "pefile"
version = "2023.2.7"
source = { registry = "https://pypi.tuna.tsinghua.edu.cn/simple" }
sdist = { url = "https://pypi.tuna.tsinghua.edu.cn/packages/78/c5/3b3c62223f72e2360737fd2a57c30e5b2adecd85e70276879609a7403334/pefile-2023.2.7.tar.gz", hash = "sha256:82e6114004b3d6911c77c3953e3838654b04511b8b66e8583db70c65998017dc", size = 74854, upload-time = "2023-02-07T12:23:55.958Z" }
wheels = [
    { url = "https://pypi.tuna.tsinghua.edu.cn/packages/55/26/d0ad8b448476d0a1e8d3ea5622dc77b916db84c6aa3cb1e1c0965af948fc/pefile-2023.2.7-py3-none-any.whl", hash = "sha256:da185cd2af68c08a6cd4481f7325ed600a88f6a813bad9dea07ab3ef73d8d8d6", size = 71791, upload-time = "2023-02-07T12:28:36.678Z" },
]

[[package]]
name = "psutil"
version = "7.2.2"
source = { registry = "https://pypi.tuna.tsinghua.edu.cn/simple" }
sdist = { url = "https://pypi.tuna.tsinghua.edu.cn/packages/aa/c6/d1ddf4abb55e93cebc4f2ed8b5d6dbad109ecb8d63748dd2b20ab5e57ebe/psutil-7.2.2.tar.gz", hash = "sha256:0746f5f8d406af344fd547f1c8daa5f5c33dbc293bb8d6a16d80b4bb88f59372", size = 493740, upload-time = "2026-01-28T18:14:54.428Z" }
wheels = [
    { url = "https://pypi.tuna.tsinghua.edu.cn/packages/e7/36/5ee6e05c9bd427237b11b3937ad82bb8ad2752d72c6969314590dd0c2f6e/psutil-7.2.2-cp36-abi3-macosx_10_9_x86_64.whl", hash = "sha256:ed0cace939114f62738d808fdcecd4c869222507e266e574799e9c0faa17d486", size = 129090, upload-time = "2026-01-28T18:15:22.168Z" },
    { url = "https://pypi.tuna.tsinghua.edu.cn/packages/80/c4/f5af4c1ca8c1eeb2e92ccca14ce8effdeec651d5ab6053c589b074eda6e1/psutil-7.2.2-cp36-abi3-macosx_11_0_arm64.whl", hash = "sha256:1a7b04c10f32cc88ab39cbf606e117fd74721c831c98a27dc04578deb0c16979", size = 129859, upload-time = "2026-01-28T18:15:23.795Z" },
    { url = "https://pypi.tuna.tsinghua.edu.cn/packages/b5/70/5d8df3b09e25bce090399cf48e452d25c935ab72dad19406c77f4e828045/psutil-7.2.2-cp36-abi3-manylinux2010_x86_64.manylinux_2_12_x86_64.manylinux_2_28_x86_64.whl", hash = "sha256:076a2d2f923fd4821644f5ba89f059523da90dc9014e85f8e45a5774ca5bc6f9", size = 155560, upload-time = "2026-01-28T18:15:25.976Z" },
    { url = "https://pypi.tuna.tsinghua.edu.cn/packages/63/65/37648c0c158dc222aba51c089eb3bdfa238e621674dc42d48706e639204f/psutil-7.2.2-cp36-abi3-manylinux2014_aarch64.manylinux_2_17_aarch64.manylinux_2_28_aarch64.whl", hash = "sha256:b0726cecd84f9474419d67252add4ac0cd9811b04d61123054b9fb6f57df6e9e", size = 156997, upload-time = "2026-01-28T18:15:27.794Z" },
    { url = "https://pypi.tuna.tsinghua.edu.cn/packages/8e/13/125093eadae863ce03c6ffdbae9929430d116a246ef69866dad94da3bfbc/psutil-7.2.2-cp36-abi3-musllinux_1_2_aarch64.whl", hash = "sha256:fd04ef36b4a6d599bbdb225dd1d3f51e00105f6d48a28f006da7f9822f2606d8", size = 148972, upload-time = "2026-01-28T18:15:29.342Z" },
    { url = "https://pypi.tuna.tsinghua.edu.cn/packages/04/78/0acd37ca84ce3ddffaa92ef0f571e073faa6d8ff1f0559ab1272188ea2be/psutil-7.2.2-cp36-abi3-musllinux_1_2_x86_64.whl", hash = "sha256:b58fabe35e80b264a4e3bb23e6b96f9e45a3df7fb7eed419ac0e5947c61e47cc", size = 148266, upload-time = "2026-01-28T18:15:31.597Z" },
    { url = "https://pypi.tuna.tsinghua.edu.cn/packages/b4/90/e2159492b5426be0c1fef7acba807a03511f97c5f86b3caeda6ad92351a7/psutil-7.2.2-cp37-abi3-win_amd64.whl", hash = "sha256:eb7e81434c8d223ec4a219b5fc1c47d0417b12be7ea866e24fb5ad6e84b3d988", size = 137737, upload-time = "2026-01-28T18:15:33.849Z" },
    { url = "https://pypi.tuna.tsinghua.edu.cn/packages/8c/c7/7bb2e321574b10df20cbde462a94e2b71d05f9bbda251ef27d104668306a/psutil-7.2.2-cp37-abi3-win_arm64.whl", hash = "sha256:8c233660f575a5a89e6d4cb65d9f938126312bca76d8fe087b947b3a1aaac9ee", size = 134617, upload-time = "2026-01-28T18:15:36.514Z" },
]

[[package]]
name = "pyinstaller"
version = "6.11.1"
source = { registry = "https://pypi.tuna.tsinghua.edu.cn/simple" }
dependencies = [
    { name = "altgraph" },
    { name = "macholib", marker = "sys_platform == 'darwin'" },
    { name = "packaging" },
    { name = "pefile", marker = "sys_platform == 'win32'" },
    { name = "pyinstaller-hooks-contrib" },
    { name = "pywin32-ctypes", marker = "sys_platform == 'win32'" },
    { name = "setuptools" },
]
sdist = { url = "https://pypi.tuna.tsinghua.edu.cn/packages/55/d4/54f5f5c73b803e6256ea97ffc6ba8a305d9a5f57f85f9b00b282512bf18a/pyinstaller-6.11.1.tar.gz", hash = "sha256:491dfb4d9d5d1d9650d9507daec1ff6829527a254d8e396badd60a0affcb72ef", size = 4249772, upload-time = "2024-11-10T17:01:25.415Z" }
wheels = [
    { url = "https://pypi.tuna.tsinghua.edu.cn/packages/96/15/b0f1c0985ee32fcd2f6ad9a486ef94e4db3fef9af025a3655e76cb708009/pyinstaller-6.11.1-py3-none-macosx_10_13_universal2.whl", hash = "sha256:44e36172de326af6d4e7663b12f71dbd34e2e3e02233e181e457394423daaf03", size = 991780, upload-time = "2024-11-10T17:00:17.242Z" },
    { url = "https://pypi.tuna.tsinghua.edu.cn/packages/fd/0f/9f54cb18abe2b1d89051bc9214c0cb40d7b5f4049c151c315dacc067f4a2/pyinstaller-6.11.1-py3-none-manylinux2014_aarch64.whl", hash = "sha256:6d12c45a29add78039066a53fb05967afaa09a672426072b13816fe7676abfc4", size = 711739, upload-time = "2024-11-10T17:00:21.734Z" },
    { url = "https://pypi.tuna.tsinghua.edu.cn/packages/32/f7/79d10830780eff8339bfa793eece1df4b2459e35a712fc81983e8536cc29/pyinstaller-6.11.1-py3-none-manylinux2014_i686.whl", hash = "sha256:ddc0fddd75f07f7e423da1f0822e389a42af011f9589e0269b87e0d89aa48c1f", size = 714053, upload-time = "2024-11-10T17:00:25.773Z" },
    { url = "https://pypi.tuna.tsinghua.edu.cn/packages/25/f7/9961ef02cdbd2dbb1b1a215292656bd0ea72a83aafd8fb6373513849711e/pyinstaller-6.11.1-py3-none-manylinux2014_ppc64le.whl", hash = "sha256:0d6475559c4939f0735122989611d7f739ed3bf02f666ce31022928f7a7e4fda", size = 719133, upload-time = "2024-11-10T17:00:30.342Z" },
    { url = "https://pypi.tuna.tsinghua.edu.cn/packages/6f/4d/7f854842a1ce798de762a0b0bc5d5a4fc26ad06164a98575dc3c54abed1f/pyinstaller-6.11.1-py3-none-manylinux2014_s390x.whl", hash = "sha256:e21c7806e34f40181e7606926a14579f848bfb1dc52cbca7eea66eccccbfe977", size = 709591, upload-time = "2024-11-10T17:00:34.932Z" },
    { url = "https://pypi.tuna.tsinghua.edu.cn/packages/7f/e0/00d29fc90c3ba50620c61554e26ebb4d764569507be7cd1c8794aa696f9a/pyinstaller-6.11.1-py3-none-manylinux2014_x86_64.whl", hash = "sha256:32c742a24fe65d0702958fadf4040f76de85859c26bec0008766e5dbabc5b68f", size = 710068, upload-time = "2024-11-10T17:00:39.655Z" },
    { url = "https://pypi.tuna.tsinghua.edu.cn/packages/3e/57/d14b44a69f068d2caaee49d15e45f9fa0f37c6a2d2ad778c953c1722a1ca/pyinstaller-6.11.1-py3-none-musllinux_1_1_aarch64.whl", hash = "sha256:208c0ef6dab0837a0a273ea32d1a3619a208e3d1fe3fec3785eea71a77fd00ce", size = 714439, upload-time = "2024-11-10T17:00:43.838Z" },
    { url = "https://pypi.tuna.tsinghua.edu.cn/packages/88/01/256824bb57ca208099c86c2fb289f888ca7732580e91ced48fa14e5903b2/pyinstaller-6.11.1-py3-none-musllinux_1_1_x86_64.whl", hash = "sha256:ad84abf465bcda363c1d54eafa76745d77b6a8a713778348377dc98d12a452f7", size = 710457, upload-time = "2024-11-10T17:00:47.89Z" },
    { url = "https://pypi.tuna.tsinghua.edu.cn/packages/7c/f0/98c9138f5f0ff17462f1ad6d712dcfa643b9a283d6238d464d8145bc139d/pyinstaller-6.11.1-py3-none-win32.whl", hash = "sha256:2e8365276c5131c9bef98e358fbc305e4022db8bedc9df479629d6414021956a", size = 1280261, upload-time = "2024-11-10T17:00:54.688Z" },
    { url = "https://pypi.tuna.tsinghua.edu.cn/packages/7d/08/f43080614b3e8bce481d4dfd580e579497c7dcdaf87656d9d2ad912e5796/pyinstaller-6.11.1-py3-none-win_amd64.whl", hash = "sha256:7ac83c0dc0e04357dab98c487e74ad2adb30e7eb186b58157a8faf46f1fa796f", size = 1340482, upload-time = "2024-11-10T17:01:01.62Z" },
    { url = "https://pypi.tuna.tsinghua.edu.cn/packages/ed/56/953c6594cb66e249563854c9cc04ac5a055c6c99d1614298feeaeaa9b87e/pyinstaller-6.11.1-py3-none-win_arm64.whl", hash = "sha256:35e6b8077d240600bb309ed68bb0b1453fd2b7ab740b66d000db7abae6244423", size = 1267519, upload-time = "2024-11-10T17:01:08.525Z" },
]

[[package]]
name = "pyinstaller-hooks-contrib"
version = "2026.4"
source = { registry = "https://pypi.tuna.tsinghua.edu.cn/simple" }
dependencies = [
    { name = "packaging" },
    { name = "setuptools" },
]
sdist = { url = "https://pypi.tuna.tsinghua.edu.cn/packages/c7/fe/9278c29394bf69169febc21f96b4252c3ee7c8ec22c2fc545004bed47e71/pyinstaller_hooks_contrib-2026.4.tar.gz", hash = "sha256:766c281acb1ecc32e21c8c667056d7ebf5da0aabd5e30c219f9c2a283620eeaa", size = 173050, upload-time = "2026-03-31T14:10:51.188Z" }
wheels = [
    { url = "https://pypi.tuna.tsinghua.edu.cn/packages/88/f4/035fb8c06deff827f540a9a4ed9122c54e5376fca3e42eddf0c263730775/pyinstaller_hooks_contrib-2026.4-py3-none-any.whl", hash = "sha256:1de1a5e49a878122010b88c7e295502bc69776c157c4a4dc78741a4e6178b00f", size = 455496, upload-time = "2026-03-31T14:10:49.867Z" },
]

[[package]]
name = "pyside6"
version = "6.8.3"
source = { registry = "https://pypi.tuna.tsinghua.edu.cn/simple" }
dependencies = [
    { name = "pyside6-addons" },
    { name = "pyside6-essentials" },
    { name = "shiboken6" },
]
wheels = [
    { url = "https://pypi.tuna.tsinghua.edu.cn/packages/ef/5f/dc408fb62a99d20e30f930f4de60c7d5c257d25a97baab600dc430f859bf/PySide6-6.8.3-cp39-abi3-macosx_12_0_universal2.whl", hash = "sha256:31f390c961b54067ae41360e5ea3b340ce0e0e5feadea2236c28226d3b37edcc", size = 553886, upload-time = "2025-03-27T12:10:10.147Z" },
    { url = "https://pypi.tuna.tsinghua.edu.cn/packages/f0/00/67c41f7280ed9d1c53a50bdaa5a6050134875341f0be96a58d329fe71ade/PySide6-6.8.3-cp39-abi3-manylinux_2_28_x86_64.whl", hash = "sha256:8e53e2357bfbdee1fa86c48312bf637460a2c26d49e7af0b3fae2e179ccc7052", size = 554788, upload-time = "2025-03-27T12:10:12.514Z" },
    { url = "https://pypi.tuna.tsinghua.edu.cn/packages/99/80/79df5af0f309f75297054caf127e82c6c4e6c3cd237a8abd428d18fe3a16/PySide6-6.8.3-cp39-abi3-manylinux_2_39_aarch64.whl", hash = "sha256:5bf5153cab9484629315f57c56a9ad4b7d075b4dd275f828f7549abf712c590b", size = 554785, upload-time = "2025-03-27T12:10:14.054Z" },
    { url = "https://pypi.tuna.tsinghua.edu.cn/packages/ce/b0/238abab3e005fff130a455ba07e8f1323e624b14e41f70f2f62c6bdc2601/PySide6-6.8.3-cp39-abi3-win_amd64.whl", hash = "sha256:722dc0061d8ef6dbb8c0b99864f21e83a5b49ece1ecb2d0b890840d969e1e461", size = 561080, upload-time = "2025-03-27T12:10:15.467Z" },
]

[[package]]
name = "pyside6-addons"
version = "6.8.3"
source = { registry = "https://pypi.tuna.tsinghua.edu.cn/simple" }
dependencies = [
    { name = "pyside6-essentials" },
    { name = "shiboken6" },
]
wheels = [
    { url = "https://pypi.tuna.tsinghua.edu.cn/packages/2f/23/fcd006128ecac40284fc218f804a46c52ebc1ad5995f3edb548d296f0d39/PySide6_Addons-6.8.3-cp39-abi3-macosx_12_0_universal2.whl", hash = "sha256:ea46649e40b9e6ab11a0da2da054d3914bff5607a5882885e9c3bc2eef200036", size = 302447038, upload-time = "2025-03-27T12:11:29.671Z" },
    { url = "https://pypi.tuna.tsinghua.edu.cn/packages/49/93/e7c743e7a01e66f22cac4133c320832700b9d15a43d9a46dbd067cc1877e/PySide6_Addons-6.8.3-cp39-abi3-manylinux_2_28_x86_64.whl", hash = "sha256:6983d3b01fad53637bad5360930d5923509c744cc39704f9c1190eb9934e33da", size = 160547187, upload-time = "2025-03-27T12:12:13.027Z" },
    { url = "https://pypi.tuna.tsinghua.edu.cn/packages/c7/5b/51217c90f9292651ef39ec3179bcb7797db1481a8f61138378720b1b91bc/PySide6_Addons-6.8.3-cp39-abi3-manylinux_2_39_aarch64.whl", hash = "sha256:7949a844a40ee10998eb2734e2c06c4c7182dfcd4c21cc4108a6b96655ebe59f", size = 156291508, upload-time = "2025-03-27T12:12:52.071Z" },
    { url = "https://pypi.tuna.tsinghua.edu.cn/packages/77/e8/bbe84519355814166bbb7e867dfc8c7ea0044827d64b6b11c29a7b1a7424/PySide6_Addons-6.8.3-cp39-abi3-win_amd64.whl", hash = "sha256:67548f6db11f4e1b7e4b6efd9c3fc2e8d275188a7b2feac388961128572a6955", size = 127865208, upload-time = "2025-03-27T12:13:24.828Z" },
]

[[package]]
name = "pyside6-essentials"
version = "6.8.3"
source = { registry = "https://pypi.tuna.tsinghua.edu.cn/simple" }
dependencies = [
    { name = "shiboken6" },
]
wheels = [
    { url = "https://pypi.tuna.tsinghua.edu.cn/packages/ad/74/082381f996baea3d6716d542c2184cb031e63f1cb6d4edca871fe82dd787/PySide6_Essentials-6.8.3-cp39-abi3-macosx_12_0_universal2.whl", hash = "sha256:aa56c135db924ecfaf50088baf32f737d28027419ca5fee67c0c7141b29184e3", size = 134189733, upload-time = "2025-03-27T12:14:00.369Z" },
    { url = "https://pypi.tuna.tsinghua.edu.cn/packages/f0/b2/3205336262bf88d57f01503df81ede2a0b1eecbb2a7d58978a5e5625f7c1/PySide6_Essentials-6.8.3-cp39-abi3-manylinux_2_28_x86_64.whl", hash = "sha256:fd57fa0c886ef99b3844173322c0023ec77cc946a0c9a0cdfbc2ac5c511053c1", size = 95088226, upload-time = "2025-03-27T12:14:25.965Z" },
    { url = "https://pypi.tuna.tsinghua.edu.cn/packages/c9/e9/c5c48563c0436465356dbef44ef0396713c1194c37c7bb4d75c83414b90c/PySide6_Essentials-6.8.3-cp39-abi3-manylinux_2_39_aarch64.whl", hash = "sha256:b4f4823f870b5bed477d6f7b6a3041839b859f70abfd703cf53208c73c2fe4cd", size = 92966444, upload-time = "2025-03-27T12:14:50.946Z" },
    { url = "https://pypi.tuna.tsinghua.edu.cn/packages/8e/0f/5d8c6da7586e57ee032643e0c0e62335ef1a1add1a980160ddd1654f1d8d/PySide6_Essentials-6.8.3-cp39-abi3-win_amd64.whl", hash = "sha256:3c0fae5550aff69f2166f46476c36e0ef56ce73d84829eac4559770b0c034b07", size = 72191029, upload-time = "2025-03-27T12:15:10.425Z" },
]

[[package]]
name = "pywin32-ctypes"
version = "0.2.3"
source = { registry = "https://pypi.tuna.tsinghua.edu.cn/simple" }
sdist = { url = "https://pypi.tuna.tsinghua.edu.cn/packages/85/9f/01a1a99704853cb63f253eea009390c88e7131c67e66a0a02099a8c917cb/pywin32-ctypes-0.2.3.tar.gz", hash = "sha256:d162dc04946d704503b2edc4d55f3dba5c1d539ead017afa00142c38b9885755", size = 29471, upload-time = "2024-08-14T10:15:34.626Z" }
wheels = [
    { url = "https://pypi.tuna.tsinghua.edu.cn/packages/de/3d/8161f7711c017e01ac9f008dfddd9410dff3674334c233bde66e7ba65bbf/pywin32_ctypes-0.2.3-py3-none-any.whl", hash = "sha256:8a1513379d709975552d202d942d9837758905c8d01eb82b8bcc30918929e7b8", size = 30756, upload-time = "2024-08-14T10:15:33.187Z" },
]

[[package]]
name = "setuptools"
version = "82.0.1"
source = { registry = "https://pypi.tuna.tsinghua.edu.cn/simple" }
sdist = { url = "https://pypi.tuna.tsinghua.edu.cn/packages/4f/db/cfac1baf10650ab4d1c111714410d2fbb77ac5a616db26775db562c8fab2/setuptools-82.0.1.tar.gz", hash = "sha256:7d872682c5d01cfde07da7bccc7b65469d3dca203318515ada1de5eda35efbf9", size = 1152316, upload-time = "2026-03-09T12:47:17.221Z" }
wheels = [
    { url = "https://pypi.tuna.tsinghua.edu.cn/packages/9d/76/f789f7a86709c6b087c5a2f52f911838cad707cc613162401badc665acfe/setuptools-82.0.1-py3-none-any.whl", hash = "sha256:a59e362652f08dcd477c78bb6e7bd9d80a7995bc73ce773050228a348ce2e5bb", size = 1006223, upload-time = "2026-03-09T12:47:15.026Z" },
]

[[package]]
name = "shiboken6"
version = "6.8.3"
source = { registry = "https://pypi.tuna.tsinghua.edu.cn/simple" }
wheels = [
    { url = "https://pypi.tuna.tsinghua.edu.cn/packages/e5/89/162c763f2799786e16f9045aa599dcf126e0f5f6a517f1e0251ba0be17e6/shiboken6-6.8.3-cp39-abi3-macosx_12_0_universal2.whl", hash = "sha256:483efc7dd53c69147b8a8ade71f7619c79ffc683efcb1dc4f4cb6c40bb23d29b", size = 402402, upload-time = "2025-03-27T12:07:27.796Z" },
    { url = "https://pypi.tuna.tsinghua.edu.cn/packages/76/a1/f1958c9d00176044ab00464cd89b6969ef3a7d2ed12d316ff1eda3dec88f/shiboken6-6.8.3-cp39-abi3-manylinux_2_28_x86_64.whl", hash = "sha256:295a003466ca2cccf6660e2f2ceb5e6cef4af192a48a196a32d46b6f0c9ec5cb", size = 204730, upload-time = "2025-03-27T12:07:29.773Z" },
    { url = "https://pypi.tuna.tsinghua.edu.cn/packages/a8/8d/48ba0b33953592e54b688f2dceb06274f419f7743a3ea0f4e48faf837652/shiboken6-6.8.3-cp39-abi3-manylinux_2_39_aarch64.whl", hash = "sha256:2b1a41348102952d2a5fbf3630bddd4d44112e18058b5e4cf505e51f2812429d", size = 201025, upload-time = "2025-03-27T12:07:31.272Z" },
    { url = "https://pypi.tuna.tsinghua.edu.cn/packages/aa/29/e77f3fba5337f2d98f977eece0fd24cda6cf7d83be2699514d2ca1d34f6c/shiboken6-6.8.3-cp39-abi3-win_amd64.whl", hash = "sha256:bca3a94513ce9242f7d4bbdca902072a1631888e0aa3a8711a52cc5dbe93588f", size = 1150998, upload-time = "2025-03-27T12:07:33.38Z" },
]

[[package]]
name = "typing-extensions"
version = "4.15.0"
source = { registry = "https://pypi.tuna.tsinghua.edu.cn/simple" }
sdist = { url = "https://pypi.tuna.tsinghua.edu.cn/packages/72/94/1a15dd82efb362ac84269196e94cf00f187f7ed21c242792a923cdb1c61f/typing_extensions-4.15.0.tar.gz", hash = "sha256:0cea48d173cc12fa28ecabc3b837ea3cf6f38c6d1136f85cbaaf598984861466", size = 109391, upload-time = "2025-08-25T13:49:26.313Z" }
wheels = [
    { url = "https://pypi.tuna.tsinghua.edu.cn/packages/18/67/36e9267722cc04a6b9f15c7f3441c2363321a3ea07da7ae0c0707beb2a9c/typing_extensions-4.15.0-py3-none-any.whl", hash = "sha256:f0fa19c6845758ab08074a0cfa8b7aecb71c999ca73d62883bc25cc018c4e548", size = 44614, upload-time = "2025-08-25T13:49:24.86Z" },
]
